
Microsoft Visual Studio Solution File, Format Version 12.00
# Visual Studio 15
VisualStudioVersion = 15.0.28307.1082
MinimumVisualStudioVersion = 10.0.40219.1
Project("{8BC9CEB8-8B4A-11D0-8D11-00A0C91BC942}") = "bmffinfo", "bmffinfo\bmffinfo.vcxproj", "{CF3B5324-AFE4-47AE-B82E-1F8425729E91}"
	ProjectSection(ProjectDependencies) = postProject
		{F58DD3EA-250A-4484-B93A-6B5ADCBC1662} = {F58DD3EA-250A-4484-B93A-6B5ADCBC1662}
	EndProjectSection
EndProject
Project("{8BC9CEB8-8B4A-11D0-8D11-00A0C91BC942}") = "bmffparse", "bmffparse\bmffparse.vcxproj", "{F58DD3EA-250A-4484-B93A-6B5ADCBC1662}"
EndProject
Global
	GlobalSection(SolutionConfigurationPlatforms) = preSolution
		Debug|x64 = Debug|x64
		Debug|x86 = Debug|x86
		Release|x64 = Release|x64
		Release|x86 = Release|x86
	EndGlobalSection
	GlobalSection(ProjectConfigurationPlatforms) = postSolution
		{CF3B5324-AFE4-47AE-B82E-1F8425729E91}.Debug|x64.ActiveCfg = Debug|x64
		{CF3B5324-AFE4-47AE-B82E-1F8425729E91}.Debug|x64.Build.0 = Debug|x64
		{CF3B5324-AFE4-47AE-B82E-1F8425729E91}.Debug|x86.ActiveCfg = Debug|Win32
		{CF3B5324-AFE4-47AE-B82E-1F8425729E91}.Debug|x86.Build.0 = Debug|Win32
		{CF3B5324-AFE4-47AE-B82E-1F8425729E91}.Release|x64.ActiveCfg = Release|x64
		{CF3B5324-AFE4-47AE-B82E-1F8425729E91}.Release|x64.Build.0 = Release|x64
		{CF3B5324-AFE4-47AE-B82E-1F8425729E91}.Release|x86.ActiveCfg = Debug|Win32
		{CF3B5324-AFE4-47AE-B82E-1F8425729E91}.Release|x86.Build.0 = Debug|Win32
		{F58DD3EA-250A-4484-B93A-6B5ADCBC1662}.Debug|x64.ActiveCfg = Debug|x64
		{F58DD3EA-250A-4484-B93A-6B5ADCBC1662}.Debug|x64.Build.0 = Debug|x64
		{F58DD3EA-250A-4484-B93A-6B5ADCBC1662}.Debug|x86.ActiveCfg = Debug|Win32
		{F58DD3EA-250A-4484-B93A-6B5ADCBC1662}.Debug|x86.Build.0 = Debug|Win32
		{F58DD3EA-250A-4484-B93A-6B5ADCBC1662}.Release|x64.ActiveCfg = Release|x64
		{F58DD3EA-250A-4484-B93A-6B5ADCBC1662}.Release|x64.Build.0 = Release|x64
		{F58DD3EA-250A-4484-B93A-6B5ADCBC1662}.Release|x86.ActiveCfg = Debug|Win32
		{F58DD3EA-250A-4484-B93A-6B5ADCBC1662}.Release|x86.Build.0 = Debug|Win32
	EndGlobalSection
	GlobalSection(SolutionProperties) = preSolution
		HideSolutionNode = FALSE
	EndGlobalSection
	GlobalSection(ExtensibilityGlobals) = postSolution
		SolutionGuid = {55EC68E6-F764-4F09-A1EC-5A8396E97928}
	EndGlobalSection
EndGlobal
